// !$*UTF8*$!
{
	archiveVersion = 1;
	classes = {
	};
	objectVersion = 54;
	objects = {

/* Begin PBXBuildFile section */
		3B13E06F2A2FF1E0007FC921 /* NSImage+CornerMask.swift in Sources */ = {isa = PBXBuildFile; fileRef = 3B13E06E2A2FF1E0007FC921 /* NSImage+CornerMask.swift */; };
		3B29D80A2A31C8AC007E89AD /* CollectionViewControlsHeader.swift in Sources */ = {isa = PBXBuildFile; fileRef = 3B29D8092A31C8AC007E89AD /* CollectionViewControlsHeader.swift */; };
		3B29D80C2A31E4A5007E89AD /* NSView+SubtreeDescription.swift in Sources */ = {isa = PBXBuildFile; fileRef = 3B29D80B2A31E4A5007E89AD /* NSView+SubtreeDescription.swift */; };
		3B85A75B2A0FDD67006482C8 /* EnvironmentValues+Dismiss.swift in Sources */ = {isa = PBXBuildFile; fileRef = 3B85A75A2A0FDD66006482C8 /* EnvironmentValues+Dismiss.swift */; };
		3B85A75F2A10039A006482C8 /* Menu+Highlight.swift in Sources */ = {isa = PBXBuildFile; fileRef = 3B85A75E2A10039A006482C8 /* Menu+Highlight.swift */; };
		3B895B712A065679006442A2 /* AppDelegate.swift in Sources */ = {isa = PBXBuildFile; fileRef = 3B895B702A065679006442A2 /* AppDelegate.swift */; };
		3B895B732A065679006442A2 /* CollectionViewController.swift in Sources */ = {isa = PBXBuildFile; fileRef = 3B895B722A065679006442A2 /* CollectionViewController.swift */; };
		3B895B752A06567D006442A2 /* Assets.xcassets in Resources */ = {isa = PBXBuildFile; fileRef = 3B895B742A06567D006442A2 /* Assets.xcassets */; };
		3B895B802A065699006442A2 /* AppKit+Previews.swift in Sources */ = {isa = PBXBuildFile; fileRef = 3B895B7F2A065699006442A2 /* AppKit+Previews.swift */; };
		3B895B842A068BB5006442A2 /* MainMenu.xib in Resources */ = {isa = PBXBuildFile; fileRef = 3B895B832A068BB5006442A2 /* MainMenu.xib */; };
		3B895BBD2A07B43E006442A2 /* CollectionViewSectionHeader.swift in Sources */ = {isa = PBXBuildFile; fileRef = 3B895BBC2A07B43E006442A2 /* CollectionViewSectionHeader.swift */; };
		3B895BBF2A07B477006442A2 /* CollectionViewItem.swift in Sources */ = {isa = PBXBuildFile; fileRef = 3B895BBE2A07B477006442A2 /* CollectionViewItem.swift */; };
		3B895BDE2A082C74006442A2 /* SettingsView.swift in Sources */ = {isa = PBXBuildFile; fileRef = 3B895BDD2A082C74006442A2 /* SettingsView.swift */; };
		3B895BEA2A0A68F0006442A2 /* DataSource.swift in Sources */ = {isa = PBXBuildFile; fileRef = 3B895BE92A0A68F0006442A2 /* DataSource.swift */; };
		3B895BED2A0C2CCD006442A2 /* Collection+Chunked.swift in Sources */ = {isa = PBXBuildFile; fileRef = 3B895BEC2A0C2CCD006442A2 /* Collection+Chunked.swift */; };
		3B895BEF2A0C2CE1006442A2 /* Sequence+Uniqued.swift in Sources */ = {isa = PBXBuildFile; fileRef = 3B895BEE2A0C2CE1006442A2 /* Sequence+Uniqued.swift */; };
		3B895BFB2A0C5670006442A2 /* Localizable.strings in Resources */ = {isa = PBXBuildFile; fileRef = 3B895BF92A0C5670006442A2 /* Localizable.strings */; };
		3BDD0FA92A3323F30000CAA8 /* CollectionView.swift in Sources */ = {isa = PBXBuildFile; fileRef = 3BDD0FA82A3323F30000CAA8 /* CollectionView.swift */; };
/* End PBXBuildFile section */

/* Begin PBXFileReference section */
		3B13E06E2A2FF1E0007FC921 /* NSImage+CornerMask.swift */ = {isa = PBXFileReference; lastKnownFileType = sourcecode.swift; path = "NSImage+CornerMask.swift"; sourceTree = "<group>"; };
		3B29D8092A31C8AC007E89AD /* CollectionViewControlsHeader.swift */ = {isa = PBXFileReference; lastKnownFileType = sourcecode.swift; path = CollectionViewControlsHeader.swift; sourceTree = "<group>"; };
		3B29D80B2A31E4A5007E89AD /* NSView+SubtreeDescription.swift */ = {isa = PBXFileReference; lastKnownFileType = sourcecode.swift; path = "NSView+SubtreeDescription.swift"; sourceTree = "<group>"; };
		3B85A75A2A0FDD66006482C8 /* EnvironmentValues+Dismiss.swift */ = {isa = PBXFileReference; fileEncoding = 4; lastKnownFileType = sourcecode.swift; path = "EnvironmentValues+Dismiss.swift"; sourceTree = "<group>"; };
		3B85A75E2A10039A006482C8 /* Menu+Highlight.swift */ = {isa = PBXFileReference; lastKnownFileType = sourcecode.swift; path = "Menu+Highlight.swift"; sourceTree = "<group>"; };
		3B895B6D2A065679006442A2 /* Kaomoji Picker.app */ = {isa = PBXFileReference; explicitFileType = wrapper.application; includeInIndex = 0; path = "Kaomoji Picker.app"; sourceTree = BUILT_PRODUCTS_DIR; };
		3B895B702A065679006442A2 /* AppDelegate.swift */ = {isa = PBXFileReference; lastKnownFileType = sourcecode.swift; path = AppDelegate.swift; sourceTree = "<group>"; };
		3B895B722A065679006442A2 /* CollectionViewController.swift */ = {isa = PBXFileReference; lastKnownFileType = sourcecode.swift; path = CollectionViewController.swift; sourceTree = "<group>"; };
		3B895B742A06567D006442A2 /* Assets.xcassets */ = {isa = PBXFileReference; lastKnownFileType = folder.assetcatalog; path = Assets.xcassets; sourceTree = "<group>"; };
		3B895B7F2A065699006442A2 /* AppKit+Previews.swift */ = {isa = PBXFileReference; fileEncoding = 4; lastKnownFileType = sourcecode.swift; path = "AppKit+Previews.swift"; sourceTree = "<group>"; };
		3B895B832A068BB5006442A2 /* MainMenu.xib */ = {isa = PBXFileReference; lastKnownFileType = file.xib; path = MainMenu.xib; sourceTree = "<group>"; };
		3B895BB82A06EAA3006442A2 /* KaomojiPicker.png */ = {isa = PBXFileReference; lastKnownFileType = image.png; path = KaomojiPicker.png; sourceTree = "<group>"; };
		3B895BB92A06EAAB006442A2 /* README.md */ = {isa = PBXFileReference; lastKnownFileType = net.daringfireball.markdown; path = README.md; sourceTree = "<group>"; };
		3B895BBC2A07B43E006442A2 /* CollectionViewSectionHeader.swift */ = {isa = PBXFileReference; lastKnownFileType = sourcecode.swift; path = CollectionViewSectionHeader.swift; sourceTree = "<group>"; };
		3B895BBE2A07B477006442A2 /* CollectionViewItem.swift */ = {isa = PBXFileReference; lastKnownFileType = sourcecode.swift; path = CollectionViewItem.swift; sourceTree = "<group>"; };
		3B895BDD2A082C74006442A2 /* SettingsView.swift */ = {isa = PBXFileReference; lastKnownFileType = sourcecode.swift; path = SettingsView.swift; sourceTree = "<group>"; };
		3B895BE92A0A68F0006442A2 /* DataSource.swift */ = {isa = PBXFileReference; fileEncoding = 4; lastKnownFileType = sourcecode.swift; path = DataSource.swift; sourceTree = "<group>"; };
		3B895BEC2A0C2CCD006442A2 /* Collection+Chunked.swift */ = {isa = PBXFileReference; lastKnownFileType = sourcecode.swift; path = "Collection+Chunked.swift"; sourceTree = "<group>"; };
		3B895BEE2A0C2CE1006442A2 /* Sequence+Uniqued.swift */ = {isa = PBXFileReference; fileEncoding = 4; lastKnownFileType = sourcecode.swift; path = "Sequence+Uniqued.swift"; sourceTree = "<group>"; };
		3B895BFA2A0C5670006442A2 /* da */ = {isa = PBXFileReference; lastKnownFileType = text.plist.strings; name = da; path = da.lproj/Localizable.strings; sourceTree = "<group>"; };
		3BDD0FA82A3323F30000CAA8 /* CollectionView.swift */ = {isa = PBXFileReference; lastKnownFileType = sourcecode.swift; path = CollectionView.swift; sourceTree = "<group>"; };
/* End PBXFileReference section */

/* Begin PBXFrameworksBuildPhase section */
		3B895B6A2A065679006442A2 /* Frameworks */ = {
			isa = PBXFrameworksBuildPhase;
			buildActionMask = 2147483647;
			files = (
			);
			runOnlyForDeploymentPostprocessing = 0;
		};
/* End PBXFrameworksBuildPhase section */

/* Begin PBXGroup section */
		3B895B642A065679006442A2 = {
			isa = PBXGroup;
			children = (
				3B895BB92A06EAAB006442A2 /* README.md */,
				3B895BB82A06EAA3006442A2 /* KaomojiPicker.png */,
				3B895B6F2A065679006442A2 /* KaomojiPicker */,
				3B895B6E2A065679006442A2 /* Products */,
			);
			sourceTree = "<group>";
		};
		3B895B6E2A065679006442A2 /* Products */ = {
			isa = PBXGroup;
			children = (
				3B895B6D2A065679006442A2 /* Kaomoji Picker.app */,
			);
			name = Products;
			sourceTree = "<group>";
		};
		3B895B6F2A065679006442A2 /* KaomojiPicker */ = {
			isa = PBXGroup;
			children = (
				3B895B702A065679006442A2 /* AppDelegate.swift */,
				3BDD0FA82A3323F30000CAA8 /* CollectionView.swift */,
				3B895B722A065679006442A2 /* CollectionViewController.swift */,
				3B29D8092A31C8AC007E89AD /* CollectionViewControlsHeader.swift */,
				3B895BBE2A07B477006442A2 /* CollectionViewItem.swift */,
				3B895BBC2A07B43E006442A2 /* CollectionViewSectionHeader.swift */,
				3B895BE92A0A68F0006442A2 /* DataSource.swift */,
				3B895BDD2A082C74006442A2 /* SettingsView.swift */,
				3B895B742A06567D006442A2 /* Assets.xcassets */,
				3B895B832A068BB5006442A2 /* MainMenu.xib */,
				3B895BEB2A0C2CBE006442A2 /* Additions */,
				3B895BF82A0C5670006442A2 /* Localization */,
			);
			path = KaomojiPicker;
			sourceTree = "<group>";
		};
		3B895BEB2A0C2CBE006442A2 /* Additions */ = {
			isa = PBXGroup;
			children = (
				3B895B7F2A065699006442A2 /* AppKit+Previews.swift */,
				3B895BEC2A0C2CCD006442A2 /* Collection+Chunked.swift */,
				3B85A75A2A0FDD66006482C8 /* EnvironmentValues+Dismiss.swift */,
				3B85A75E2A10039A006482C8 /* Menu+Highlight.swift */,
				3B13E06E2A2FF1E0007FC921 /* NSImage+CornerMask.swift */,
				3B29D80B2A31E4A5007E89AD /* NSView+SubtreeDescription.swift */,
				3B895BEE2A0C2CE1006442A2 /* Sequence+Uniqued.swift */,
			);
			path = Additions;
			sourceTree = "<group>";
		};
		3B895BF82A0C5670006442A2 /* Localization */ = {
			isa = PBXGroup;
			children = (
				3B895BF92A0C5670006442A2 /* Localizable.strings */,
			);
			path = Localization;
			sourceTree = "<group>";
		};
/* End PBXGroup section */

/* Begin PBXNativeTarget section */
		3B895B6C2A065679006442A2 /* KaomojiPicker */ = {
			isa = PBXNativeTarget;
			buildConfigurationList = 3B895B7C2A06567D006442A2 /* Build configuration list for PBXNativeTarget "KaomojiPicker" */;
			buildPhases = (
				3B895B692A065679006442A2 /* Sources */,
				3B895B6A2A065679006442A2 /* Frameworks */,
				3B895B6B2A065679006442A2 /* Resources */,
			);
			buildRules = (
			);
			dependencies = (
			);
			name = KaomojiPicker;
			packageProductDependencies = (
			);
			productName = KaomojiPicker;
			productReference = 3B895B6D2A065679006442A2 /* Kaomoji Picker.app */;
			productType = "com.apple.product-type.application";
		};
/* End PBXNativeTarget section */

/* Begin PBXProject section */
		3B895B652A065679006442A2 /* Project object */ = {
			isa = PBXProject;
			attributes = {
				BuildIndependentTargetsInParallel = 1;
				LastSwiftUpdateCheck = 1430;
				LastUpgradeCheck = 1430;
				TargetAttributes = {
					3B895B6C2A065679006442A2 = {
						CreatedOnToolsVersion = 14.3;
					};
				};
			};
			buildConfigurationList = 3B895B682A065679006442A2 /* Build configuration list for PBXProject "KaomojiPicker" */;
			compatibilityVersion = "Xcode 12.0";
			developmentRegion = en;
			hasScannedForEncodings = 0;
			knownRegions = (
				en,
				Base,
				da,
			);
			mainGroup = 3B895B642A065679006442A2;
			packageReferences = (
			);
			productRefGroup = 3B895B6E2A065679006442A2 /* Products */;
			projectDirPath = "";
			projectRoot = "";
			targets = (
				3B895B6C2A065679006442A2 /* KaomojiPicker */,
			);
		};
/* End PBXProject section */

/* Begin PBXResourcesBuildPhase section */
		3B895B6B2A065679006442A2 /* Resources */ = {
			isa = PBXResourcesBuildPhase;
			buildActionMask = 2147483647;
			files = (
				3B895B752A06567D006442A2 /* Assets.xcassets in Resources */,
				3B895BFB2A0C5670006442A2 /* Localizable.strings in Resources */,
				3B895B842A068BB5006442A2 /* MainMenu.xib in Resources */,
			);
			runOnlyForDeploymentPostprocessing = 0;
		};
/* End PBXResourcesBuildPhase section */

/* Begin PBXSourcesBuildPhase section */
		3B895B692A065679006442A2 /* Sources */ = {
			isa = PBXSourcesBuildPhase;
			buildActionMask = 2147483647;
			files = (
				3B29D80C2A31E4A5007E89AD /* NSView+SubtreeDescription.swift in Sources */,
				3B895B802A065699006442A2 /* AppKit+Previews.swift in Sources */,
				3BDD0FA92A3323F30000CAA8 /* CollectionView.swift in Sources */,
				3B895B732A065679006442A2 /* CollectionViewController.swift in Sources */,
				3B85A75B2A0FDD67006482C8 /* EnvironmentValues+Dismiss.swift in Sources */,
				3B13E06F2A2FF1E0007FC921 /* NSImage+CornerMask.swift in Sources */,
				3B895BED2A0C2CCD006442A2 /* Collection+Chunked.swift in Sources */,
				3B895BBF2A07B477006442A2 /* CollectionViewItem.swift in Sources */,
				3B895BEF2A0C2CE1006442A2 /* Sequence+Uniqued.swift in Sources */,
				3B85A75F2A10039A006482C8 /* Menu+Highlight.swift in Sources */,
				3B895B712A065679006442A2 /* AppDelegate.swift in Sources */,
				3B895BDE2A082C74006442A2 /* SettingsView.swift in Sources */,
				3B895BEA2A0A68F0006442A2 /* DataSource.swift in Sources */,
				3B29D80A2A31C8AC007E89AD /* CollectionViewControlsHeader.swift in Sources */,
				3B895BBD2A07B43E006442A2 /* CollectionViewSectionHeader.swift in Sources */,
			);
			runOnlyForDeploymentPostprocessing = 0;
		};
/* End PBXSourcesBuildPhase section */

/* Begin PBXVariantGroup section */
		3B895BF92A0C5670006442A2 /* Localizable.strings */ = {
			isa = PBXVariantGroup;
			children = (
				3B895BFA2A0C5670006442A2 /* da */,
			);
			name = Localizable.strings;
			sourceTree = "<group>";
		};
/* End PBXVariantGroup section */

/* Begin XCBuildConfiguration section */
		3B895B7A2A06567D006442A2 /* Debug */ = {
			isa = XCBuildConfiguration;
			buildSettings = {
				ALWAYS_SEARCH_USER_PATHS = NO;
				CLANG_ANALYZER_NONNULL = YES;
				CLANG_ANALYZER_NUMBER_OBJECT_CONVERSION = YES_AGGRESSIVE;
				CLANG_CXX_LANGUAGE_STANDARD = "gnu++20";
				CLANG_ENABLE_MODULES = YES;
				CLANG_ENABLE_OBJC_ARC = YES;
				CLANG_ENABLE_OBJC_WEAK = YES;
				CLANG_WARN_BLOCK_CAPTURE_AUTORELEASING = YES;
				CLANG_WARN_BOOL_CONVERSION = YES;
				CLANG_WARN_COMMA = YES;
				CLANG_WARN_CONSTANT_CONVERSION = YES;
				CLANG_WARN_DEPRECATED_OBJC_IMPLEMENTATIONS = YES;
				CLANG_WARN_DIRECT_OBJC_ISA_USAGE = YES_ERROR;
				CLANG_WARN_DOCUMENTATION_COMMENTS = YES;
				CLANG_WARN_EMPTY_BODY = YES;
				CLANG_WARN_ENUM_CONVERSION = YES;
				CLANG_WARN_INFINITE_RECURSION = YES;
				CLANG_WARN_INT_CONVERSION = YES;
				CLANG_WARN_NON_LITERAL_NULL_CONVERSION = YES;
				CLANG_WARN_OBJC_IMPLICIT_RETAIN_SELF = YES;
				CLANG_WARN_OBJC_LITERAL_CONVERSION = YES;
				CLANG_WARN_OBJC_ROOT_CLASS = YES_ERROR;
				CLANG_WARN_QUOTED_INCLUDE_IN_FRAMEWORK_HEADER = YES;
				CLANG_WARN_RANGE_LOOP_ANALYSIS = YES;
				CLANG_WARN_STRICT_PROTOTYPES = YES;
				CLANG_WARN_SUSPICIOUS_MOVE = YES;
				CLANG_WARN_UNGUARDED_AVAILABILITY = YES_AGGRESSIVE;
				CLANG_WARN_UNREACHABLE_CODE = YES;
				CLANG_WARN__DUPLICATE_METHOD_MATCH = YES;
				COPY_PHASE_STRIP = NO;
				DEBUG_INFORMATION_FORMAT = dwarf;
				ENABLE_APP_SANDBOX = NO;
				ENABLE_STRICT_OBJC_MSGSEND = YES;
				ENABLE_TESTABILITY = YES;
				GCC_C_LANGUAGE_STANDARD = gnu11;
				GCC_DYNAMIC_NO_PIC = NO;
				GCC_NO_COMMON_BLOCKS = YES;
				GCC_OPTIMIZATION_LEVEL = 0;
				GCC_PREPROCESSOR_DEFINITIONS = (
					"DEBUG=1",
					"$(inherited)",
				);
				GCC_WARN_64_TO_32_BIT_CONVERSION = YES;
				GCC_WARN_ABOUT_RETURN_TYPE = YES_ERROR;
				GCC_WARN_UNDECLARED_SELECTOR = YES;
				GCC_WARN_UNINITIALIZED_AUTOS = YES_AGGRESSIVE;
				GCC_WARN_UNUSED_FUNCTION = YES;
				GCC_WARN_UNUSED_VARIABLE = YES;
				MACOSX_DEPLOYMENT_TARGET = 13.1;
				MTL_ENABLE_DEBUG_INFO = INCLUDE_SOURCE;
				MTL_FAST_MATH = YES;
				ONLY_ACTIVE_ARCH = YES;
				SDKROOT = macosx;
				SWIFT_ACTIVE_COMPILATION_CONDITIONS = DEBUG;
				SWIFT_OPTIMIZATION_LEVEL = "-Onone";
			};
			name = Debug;
		};
		3B895B7B2A06567D006442A2 /* Release */ = {
			isa = XCBuildConfiguration;
			buildSettings = {
				ALWAYS_SEARCH_USER_PATHS = NO;
				CLANG_ANALYZER_NONNULL = YES;
				CLANG_ANALYZER_NUMBER_OBJECT_CONVERSION = YES_AGGRESSIVE;
				CLANG_CXX_LANGUAGE_STANDARD = "gnu++20";
				CLANG_ENABLE_MODULES = YES;
				CLANG_ENABLE_OBJC_ARC = YES;
				CLANG_ENABLE_OBJC_WEAK = YES;
				CLANG_WARN_BLOCK_CAPTURE_AUTORELEASING = YES;
				CLANG_WARN_BOOL_CONVERSION = YES;
				CLANG_WARN_COMMA = YES;
				CLANG_WARN_CONSTANT_CONVERSION = YES;
				CLANG_WARN_DEPRECATED_OBJC_IMPLEMENTATIONS = YES;
				CLANG_WARN_DIRECT_OBJC_ISA_USAGE = YES_ERROR;
				CLANG_WARN_DOCUMENTATION_COMMENTS = YES;
				CLANG_WARN_EMPTY_BODY = YES;
				CLANG_WARN_ENUM_CONVERSION = YES;
				CLANG_WARN_INFINITE_RECURSION = YES;
				CLANG_WARN_INT_CONVERSION = YES;
				CLANG_WARN_NON_LITERAL_NULL_CONVERSION = YES;
				CLANG_WARN_OBJC_IMPLICIT_RETAIN_SELF = YES;
				CLANG_WARN_OBJC_LITERAL_CONVERSION = YES;
				CLANG_WARN_OBJC_ROOT_CLASS = YES_ERROR;
				CLANG_WARN_QUOTED_INCLUDE_IN_FRAMEWORK_HEADER = YES;
				CLANG_WARN_RANGE_LOOP_ANALYSIS = YES;
				CLANG_WARN_STRICT_PROTOTYPES = YES;
				CLANG_WARN_SUSPICIOUS_MOVE = YES;
				CLANG_WARN_UNGUARDED_AVAILABILITY = YES_AGGRESSIVE;
				CLANG_WARN_UNREACHABLE_CODE = YES;
				CLANG_WARN__DUPLICATE_METHOD_MATCH = YES;
				COPY_PHASE_STRIP = NO;
				DEBUG_INFORMATION_FORMAT = "dwarf-with-dsym";
				ENABLE_APP_SANDBOX = NO;
				ENABLE_NS_ASSERTIONS = NO;
				ENABLE_STRICT_OBJC_MSGSEND = YES;
				GCC_C_LANGUAGE_STANDARD = gnu11;
				GCC_NO_COMMON_BLOCKS = YES;
				GCC_WARN_64_TO_32_BIT_CONVERSION = YES;
				GCC_WARN_ABOUT_RETURN_TYPE = YES_ERROR;
				GCC_WARN_UNDECLARED_SELECTOR = YES;
				GCC_WARN_UNINITIALIZED_AUTOS = YES_AGGRESSIVE;
				GCC_WARN_UNUSED_FUNCTION = YES;
				GCC_WARN_UNUSED_VARIABLE = YES;
				MACOSX_DEPLOYMENT_TARGET = 13.1;
				MTL_ENABLE_DEBUG_INFO = NO;
				MTL_FAST_MATH = YES;
				SDKROOT = macosx;
				SWIFT_COMPILATION_MODE = wholemodule;
				SWIFT_OPTIMIZATION_LEVEL = "-O";
			};
			name = Release;
		};
		3B895B7D2A06567D006442A2 /* Debug */ = {
			isa = XCBuildConfiguration;
			buildSettings = {
				ASSETCATALOG_COMPILER_APPICON_NAME = AppIcon;
				ASSETCATALOG_COMPILER_GLOBAL_ACCENT_COLOR_NAME = AccentColor;
				CODE_SIGN_STYLE = Automatic;
				COMBINE_HIDPI_IMAGES = YES;
				CURRENT_PROJECT_VERSION = 1;
				DEVELOPMENT_TEAM = KUD8C8Y8Z7;
				ENABLE_PREVIEWS = YES;
				GENERATE_INFOPLIST_FILE = YES;
				INFOPLIST_KEY_LSUIElement = YES;
				INFOPLIST_KEY_NSHumanReadableCopyright = "© 2023 Freya Alminde";
				INFOPLIST_KEY_NSMainNibFile = MainMenu;
				INFOPLIST_KEY_NSPrincipalClass = NSApplication;
				LD_RUNPATH_SEARCH_PATHS = (
					"$(inherited)",
					"@executable_path/../Frameworks",
				);
				MACOSX_DEPLOYMENT_TARGET = 11.0;
				MARKETING_VERSION = 1.0;
				PRODUCT_BUNDLE_IDENTIFIER = local.KaomojiPicker;
				PRODUCT_MODULE_NAME = KaomojiPicker;
				PRODUCT_NAME = "Kaomoji Picker";
				SWIFT_EMIT_LOC_STRINGS = YES;
				SWIFT_VERSION = 5.0;
			};
			name = Debug;
		};
		3B895B7E2A06567D006442A2 /* Release */ = {
			isa = XCBuildConfiguration;
			buildSettings = {
				ASSETCATALOG_COMPILER_APPICON_NAME = AppIcon;
				ASSETCATALOG_COMPILER_GLOBAL_ACCENT_COLOR_NAME = AccentColor;
				CODE_SIGN_STYLE = Automatic;
				COMBINE_HIDPI_IMAGES = YES;
				CURRENT_PROJECT_VERSION = 1;
				DEVELOPMENT_TEAM = KUD8C8Y8Z7;
				ENABLE_PREVIEWS = YES;
				GENERATE_INFOPLIST_FILE = YES;
				INFOPLIST_KEY_LSUIElement = YES;
				INFOPLIST_KEY_NSHumanReadableCopyright = "© 2023 Freya Alminde";
				INFOPLIST_KEY_NSMainNibFile = MainMenu;
				INFOPLIST_KEY_NSPrincipalClass = NSApplication;
				LD_RUNPATH_SEARCH_PATHS = (
					"$(inherited)",
					"@executable_path/../Frameworks",
				);
				MACOSX_DEPLOYMENT_TARGET = 11.0;
				MARKETING_VERSION = 1.0;
				PRODUCT_BUNDLE_IDENTIFIER = local.KaomojiPicker;
				PRODUCT_MODULE_NAME = KaomojiPicker;
				PRODUCT_NAME = "Kaomoji Picker";
				SWIFT_EMIT_LOC_STRINGS = YES;
				SWIFT_VERSION = 5.0;
			};
			name = Release;
		};
/* End XCBuildConfiguration section */

/* Begin XCConfigurationList section */
		3B895B682A065679006442A2 /* Build configuration list for PBXProject "KaomojiPicker" */ = {
			isa = XCConfigurationList;
			buildConfigurations = (
				3B895B7A2A06567D006442A2 /* Debug */,
				3B895B7B2A06567D006442A2 /* Release */,
			);
			defaultConfigurationIsVisible = 0;
			defaultConfigurationName = Release;
		};
		3B895B7C2A06567D006442A2 /* Build configuration list for PBXNativeTarget "KaomojiPicker" */ = {
			isa = XCConfigurationList;
			buildConfigurations = (
				3B895B7D2A06567D006442A2 /* Debug */,
				3B895B7E2A06567D006442A2 /* Release */,
			);
			defaultConfigurationIsVisible = 0;
			defaultConfigurationName = Release;
		};
/* End XCConfigurationList section */
	};
	rootObject = 3B895B652A065679006442A2 /* Project object */;
}
