{
  "pins" : [
    {
      "identity" : "hotkey",
      "kind" : "remoteSourceControl",
      "location" : "https://github.com/freyaalminde/HotKey.git",
      "state" : {
        "branch" : "master",
        "revision" : "b47fd2ad765c1e656133f46724693cb608fe283a"
      }
    }
  ],
  "version" : 2
}
